// !$*UTF8*$!
{
	archiveVersion = 1;
	classes = {
	};
	objectVersion = 55;
	objects = {

/* Begin PBXBuildFile section */
		DA5872BA28A7BC6C0013E093 /* main.swift in Sources */ = {isa = PBXBuildFile; fileRef = DA5872B928A7BC6C0013E093 /* main.swift */; };
		DA5872C128A7BCA10013E093 /* StaticServer.swift in Sources */ = {isa = PBXBuildFile; fileRef = DA5872C028A7BCA00013E093 /* StaticServer.swift */; };
		DA5872C428A7C5270013E093 /* Vapor in Frameworks */ = {isa = PBXBuildFile; productRef = DA5872C328A7C5270013E093 /* Vapor */; };
		DA5872CE28A7CC180013E093 /* main.m in Sources */ = {isa = PBXBuildFile; fileRef = DA5872CD28A7CC180013E093 /* main.m */; };
		DA5872D428A7CCC80013E093 /* PWDownloader.m in Sources */ = {isa = PBXBuildFile; fileRef = DA5872D328A7CCC80013E093 /* PWDownloader.m */; };
/* End PBXBuildFile section */

/* Begin PBXCopyFilesBuildPhase section */
		DA5872B428A7BC6C0013E093 /* CopyFiles */ = {
			isa = PBXCopyFilesBuildPhase;
			buildActionMask = 2147483647;
			dstPath = /usr/share/man/man1/;
			dstSubfolderSpec = 0;
			files = (
			);
			runOnlyForDeploymentPostprocessing = 1;
		};
		DA5872C928A7CC180013E093 /* CopyFiles */ = {
			isa = PBXCopyFilesBuildPhase;
			buildActionMask = 2147483647;
			dstPath = /usr/share/man/man1/;
			dstSubfolderSpec = 0;
			files = (
			);
			runOnlyForDeploymentPostprocessing = 1;
		};
/* End PBXCopyFilesBuildPhase section */

/* Begin PBXFileReference section */
		DA5872B628A7BC6C0013E093 /* TestStaticServer */ = {isa = PBXFileReference; explicitFileType = "compiled.mach-o.executable"; includeInIndex = 0; path = TestStaticServer; sourceTree = BUILT_PRODUCTS_DIR; };
		DA5872B928A7BC6C0013E093 /* main.swift */ = {isa = PBXFileReference; lastKnownFileType = sourcecode.swift; path = main.swift; sourceTree = "<group>"; };
		DA5872C028A7BCA00013E093 /* StaticServer.swift */ = {isa = PBXFileReference; lastKnownFileType = sourcecode.swift; path = StaticServer.swift; sourceTree = "<group>"; };
		DA5872CB28A7CC180013E093 /* Downloader */ = {isa = PBXFileReference; explicitFileType = "compiled.mach-o.executable"; includeInIndex = 0; path = Downloader; sourceTree = BUILT_PRODUCTS_DIR; };
		DA5872CD28A7CC180013E093 /* main.m */ = {isa = PBXFileReference; lastKnownFileType = sourcecode.c.objc; path = main.m; sourceTree = "<group>"; };
		DA5872D228A7CC3B0013E093 /* PWDownloader.h */ = {isa = PBXFileReference; lastKnownFileType = sourcecode.c.h; path = PWDownloader.h; sourceTree = "<group>"; };
		DA5872D328A7CCC80013E093 /* PWDownloader.m */ = {isa = PBXFileReference; lastKnownFileType = sourcecode.c.objc; path = PWDownloader.m; sourceTree = "<group>"; };
/* End PBXFileReference section */

/* Begin PBXFrameworksBuildPhase section */
		DA5872B328A7BC6C0013E093 /* Frameworks */ = {
			isa = PBXFrameworksBuildPhase;
			buildActionMask = 2147483647;
			files = (
				DA5872C428A7C5270013E093 /* Vapor in Frameworks */,
			);
			runOnlyForDeploymentPostprocessing = 0;
		};
		DA5872C828A7CC180013E093 /* Frameworks */ = {
			isa = PBXFrameworksBuildPhase;
			buildActionMask = 2147483647;
			files = (
			);
			runOnlyForDeploymentPostprocessing = 0;
		};
/* End PBXFrameworksBuildPhase section */

/* Begin PBXGroup section */
		DA5872AD28A7BC6C0013E093 = {
			isa = PBXGroup;
			children = (
				DA5872B828A7BC6C0013E093 /* TestStaticServer */,
				DA5872CC28A7CC180013E093 /* Downloader */,
				DA5872B728A7BC6C0013E093 /* Products */,
			);
			sourceTree = "<group>";
		};
		DA5872B728A7BC6C0013E093 /* Products */ = {
			isa = PBXGroup;
			children = (
				DA5872B628A7BC6C0013E093 /* TestStaticServer */,
				DA5872CB28A7CC180013E093 /* Downloader */,
			);
			name = Products;
			sourceTree = "<group>";
		};
		DA5872B828A7BC6C0013E093 /* TestStaticServer */ = {
			isa = PBXGroup;
			children = (
				DA5872B928A7BC6C0013E093 /* main.swift */,
				DA5872C028A7BCA00013E093 /* StaticServer.swift */,
			);
			path = TestStaticServer;
			sourceTree = "<group>";
		};
		DA5872CC28A7CC180013E093 /* Downloader */ = {
			isa = PBXGroup;
			children = (
				DA5872CD28A7CC180013E093 /* main.m */,
				DA5872D228A7CC3B0013E093 /* PWDownloader.h */,
				DA5872D328A7CCC80013E093 /* PWDownloader.m */,
			);
			path = Downloader;
			sourceTree = "<group>";
		};
/* End PBXGroup section */

/* Begin PBXNativeTarget section */
		DA5872B528A7BC6C0013E093 /* TestStaticServer */ = {
			isa = PBXNativeTarget;
			buildConfigurationList = DA5872BD28A7BC6C0013E093 /* Build configuration list for PBXNativeTarget "TestStaticServer" */;
			buildPhases = (
				DA5872B228A7BC6C0013E093 /* Sources */,
				DA5872B328A7BC6C0013E093 /* Frameworks */,
				DA5872B428A7BC6C0013E093 /* CopyFiles */,
			);
			buildRules = (
			);
			dependencies = (
			);
			name = TestStaticServer;
			packageProductDependencies = (
				DA5872C328A7C5270013E093 /* Vapor */,
			);
			productName = TestStaticServer;
			productReference = DA5872B628A7BC6C0013E093 /* TestStaticServer */;
			productType = "com.apple.product-type.tool";
		};
		DA5872CA28A7CC180013E093 /* Downloader */ = {
			isa = PBXNativeTarget;
			buildConfigurationList = DA5872CF28A7CC180013E093 /* Build configuration list for PBXNativeTarget "Downloader" */;
			buildPhases = (
				DA5872C728A7CC180013E093 /* Sources */,
				DA5872C828A7CC180013E093 /* Frameworks */,
				DA5872C928A7CC180013E093 /* CopyFiles */,
			);
			buildRules = (
			);
			dependencies = (
			);
			name = Downloader;
			productName = Downloader;
			productReference = DA5872CB28A7CC180013E093 /* Downloader */;
			productType = "com.apple.product-type.tool";
		};
/* End PBXNativeTarget section */

/* Begin PBXProject section */
		DA5872AE28A7BC6C0013E093 /* Project object */ = {
			isa = PBXProject;
			attributes = {
				BuildIndependentTargetsInParallel = 1;
				LastSwiftUpdateCheck = 1340;
				LastUpgradeCheck = 1340;
				TargetAttributes = {
					DA5872B528A7BC6C0013E093 = {
						CreatedOnToolsVersion = 13.4.1;
					};
					DA5872CA28A7CC180013E093 = {
						CreatedOnToolsVersion = 13.4.1;
					};
				};
			};
			buildConfigurationList = DA5872B128A7BC6C0013E093 /* Build configuration list for PBXProject "TestStaticServer" */;
			compatibilityVersion = "Xcode 13.0";
			developmentRegion = en;
			hasScannedForEncodings = 0;
			knownRegions = (
				en,
				Base,
			);
			mainGroup = DA5872AD28A7BC6C0013E093;
			packageReferences = (
				DA5872C228A7C5270013E093 /* XCRemoteSwiftPackageReference "vapor" */,
			);
			productRefGroup = DA5872B728A7BC6C0013E093 /* Products */;
			projectDirPath = "";
			projectRoot = "";
			targets = (
				DA5872B528A7BC6C0013E093 /* TestStaticServer */,
				DA5872CA28A7CC180013E093 /* Downloader */,
			);
		};
/* End PBXProject section */

/* Begin PBXSourcesBuildPhase section */
		DA5872B228A7BC6C0013E093 /* Sources */ = {
			isa = PBXSourcesBuildPhase;
			buildActionMask = 2147483647;
			files = (
				DA5872C128A7BCA10013E093 /* StaticServer.swift in Sources */,
				DA5872BA28A7BC6C0013E093 /* main.swift in Sources */,
			);
			runOnlyForDeploymentPostprocessing = 0;
		};
		DA5872C728A7CC180013E093 /* Sources */ = {
			isa = PBXSourcesBuildPhase;
			buildActionMask = 2147483647;
			files = (
				DA5872CE28A7CC180013E093 /* main.m in Sources */,
				DA5872D428A7CCC80013E093 /* PWDownloader.m in Sources */,
			);
			runOnlyForDeploymentPostprocessing = 0;
		};
/* End PBXSourcesBuildPhase section */

/* Begin XCBuildConfiguration section */
		DA5872BB28A7BC6C0013E093 /* Debug */ = {
			isa = XCBuildConfiguration;
			buildSettings = {
				ALWAYS_SEARCH_USER_PATHS = NO;
				CLANG_ANALYZER_NONNULL = YES;
				CLANG_ANALYZER_NUMBER_OBJECT_CONVERSION = YES_AGGRESSIVE;
				CLANG_CXX_LANGUAGE_STANDARD = "gnu++17";
				CLANG_ENABLE_MODULES = YES;
				CLANG_ENABLE_OBJC_ARC = YES;
				CLANG_ENABLE_OBJC_WEAK = YES;
				CLANG_WARN_BLOCK_CAPTURE_AUTORELEASING = YES;
				CLANG_WARN_BOOL_CONVERSION = YES;
				CLANG_WARN_COMMA = YES;
				CLANG_WARN_CONSTANT_CONVERSION = YES;
				CLANG_WARN_DEPRECATED_OBJC_IMPLEMENTATIONS = YES;
				CLANG_WARN_DIRECT_OBJC_ISA_USAGE = YES_ERROR;
				CLANG_WARN_DOCUMENTATION_COMMENTS = YES;
				CLANG_WARN_EMPTY_BODY = YES;
				CLANG_WARN_ENUM_CONVERSION = YES;
				CLANG_WARN_INFINITE_RECURSION = YES;
				CLANG_WARN_INT_CONVERSION = YES;
				CLANG_WARN_NON_LITERAL_NULL_CONVERSION = YES;
				CLANG_WARN_OBJC_IMPLICIT_RETAIN_SELF = YES;
				CLANG_WARN_OBJC_LITERAL_CONVERSION = YES;
				CLANG_WARN_OBJC_ROOT_CLASS = YES_ERROR;
				CLANG_WARN_QUOTED_INCLUDE_IN_FRAMEWORK_HEADER = YES;
				CLANG_WARN_RANGE_LOOP_ANALYSIS = YES;
				CLANG_WARN_STRICT_PROTOTYPES = YES;
				CLANG_WARN_SUSPICIOUS_MOVE = YES;
				CLANG_WARN_UNGUARDED_AVAILABILITY = YES_AGGRESSIVE;
				CLANG_WARN_UNREACHABLE_CODE = YES;
				CLANG_WARN__DUPLICATE_METHOD_MATCH = YES;
				COPY_PHASE_STRIP = NO;
				DEBUG_INFORMATION_FORMAT = dwarf;
				ENABLE_STRICT_OBJC_MSGSEND = YES;
				ENABLE_TESTABILITY = YES;
				GCC_C_LANGUAGE_STANDARD = gnu11;
				GCC_DYNAMIC_NO_PIC = NO;
				GCC_NO_COMMON_BLOCKS = YES;
				GCC_OPTIMIZATION_LEVEL = 0;
				GCC_PREPROCESSOR_DEFINITIONS = (
					"DEBUG=1",
					"$(inherited)",
				);
				GCC_WARN_64_TO_32_BIT_CONVERSION = YES;
				GCC_WARN_ABOUT_RETURN_TYPE = YES_ERROR;
				GCC_WARN_UNDECLARED_SELECTOR = YES;
				GCC_WARN_UNINITIALIZED_AUTOS = YES_AGGRESSIVE;
				GCC_WARN_UNUSED_FUNCTION = YES;
				GCC_WARN_UNUSED_VARIABLE = YES;
				MACOSX_DEPLOYMENT_TARGET = 10.15;
				MTL_ENABLE_DEBUG_INFO = INCLUDE_SOURCE;
				MTL_FAST_MATH = YES;
				ONLY_ACTIVE_ARCH = YES;
				SDKROOT = macosx;
				SWIFT_ACTIVE_COMPILATION_CONDITIONS = DEBUG;
				SWIFT_OPTIMIZATION_LEVEL = "-Onone";
			};
			name = Debug;
		};
		DA5872BC28A7BC6C0013E093 /* Release */ = {
			isa = XCBuildConfiguration;
			buildSettings = {
				ALWAYS_SEARCH_USER_PATHS = NO;
				CLANG_ANALYZER_NONNULL = YES;
				CLANG_ANALYZER_NUMBER_OBJECT_CONVERSION = YES_AGGRESSIVE;
				CLANG_CXX_LANGUAGE_STANDARD = "gnu++17";
				CLANG_ENABLE_MODULES = YES;
				CLANG_ENABLE_OBJC_ARC = YES;
				CLANG_ENABLE_OBJC_WEAK = YES;
				CLANG_WARN_BLOCK_CAPTURE_AUTORELEASING = YES;
				CLANG_WARN_BOOL_CONVERSION = YES;
				CLANG_WARN_COMMA = YES;
				CLANG_WARN_CONSTANT_CONVERSION = YES;
				CLANG_WARN_DEPRECATED_OBJC_IMPLEMENTATIONS = YES;
				CLANG_WARN_DIRECT_OBJC_ISA_USAGE = YES_ERROR;
				CLANG_WARN_DOCUMENTATION_COMMENTS = YES;
				CLANG_WARN_EMPTY_BODY = YES;
				CLANG_WARN_ENUM_CONVERSION = YES;
				CLANG_WARN_INFINITE_RECURSION = YES;
				CLANG_WARN_INT_CONVERSION = YES;
				CLANG_WARN_NON_LITERAL_NULL_CONVERSION = YES;
				CLANG_WARN_OBJC_IMPLICIT_RETAIN_SELF = YES;
				CLANG_WARN_OBJC_LITERAL_CONVERSION = YES;
				CLANG_WARN_OBJC_ROOT_CLASS = YES_ERROR;
				CLANG_WARN_QUOTED_INCLUDE_IN_FRAMEWORK_HEADER = YES;
				CLANG_WARN_RANGE_LOOP_ANALYSIS = YES;
				CLANG_WARN_STRICT_PROTOTYPES = YES;
				CLANG_WARN_SUSPICIOUS_MOVE = YES;
				CLANG_WARN_UNGUARDED_AVAILABILITY = YES_AGGRESSIVE;
				CLANG_WARN_UNREACHABLE_CODE = YES;
				CLANG_WARN__DUPLICATE_METHOD_MATCH = YES;
				COPY_PHASE_STRIP = NO;
				DEBUG_INFORMATION_FORMAT = "dwarf-with-dsym";
				ENABLE_NS_ASSERTIONS = NO;
				ENABLE_STRICT_OBJC_MSGSEND = YES;
				GCC_C_LANGUAGE_STANDARD = gnu11;
				GCC_NO_COMMON_BLOCKS = YES;
				GCC_WARN_64_TO_32_BIT_CONVERSION = YES;
				GCC_WARN_ABOUT_RETURN_TYPE = YES_ERROR;
				GCC_WARN_UNDECLARED_SELECTOR = YES;
				GCC_WARN_UNINITIALIZED_AUTOS = YES_AGGRESSIVE;
				GCC_WARN_UNUSED_FUNCTION = YES;
				GCC_WARN_UNUSED_VARIABLE = YES;
				MACOSX_DEPLOYMENT_TARGET = 10.15;
				MTL_ENABLE_DEBUG_INFO = NO;
				MTL_FAST_MATH = YES;
				SDKROOT = macosx;
				SWIFT_COMPILATION_MODE = wholemodule;
				SWIFT_OPTIMIZATION_LEVEL = "-O";
			};
			name = Release;
		};
		DA5872BE28A7BC6C0013E093 /* Debug */ = {
			isa = XCBuildConfiguration;
			buildSettings = {
				CODE_SIGN_STYLE = Automatic;
				PRODUCT_NAME = "$(TARGET_NAME)";
				SWIFT_VERSION = 5.0;
			};
			name = Debug;
		};
		DA5872BF28A7BC6C0013E093 /* Release */ = {
			isa = XCBuildConfiguration;
			buildSettings = {
				CODE_SIGN_STYLE = Automatic;
				PRODUCT_NAME = "$(TARGET_NAME)";
				SWIFT_VERSION = 5.0;
			};
			name = Release;
		};
		DA5872D028A7CC180013E093 /* Debug */ = {
			isa = XCBuildConfiguration;
			buildSettings = {
				CODE_SIGN_STYLE = Automatic;
				PRODUCT_NAME = "$(TARGET_NAME)";
			};
			name = Debug;
		};
		DA5872D128A7CC180013E093 /* Release */ = {
			isa = XCBuildConfiguration;
			buildSettings = {
				CODE_SIGN_STYLE = Automatic;
				PRODUCT_NAME = "$(TARGET_NAME)";
			};
			name = Release;
		};
/* End XCBuildConfiguration section */

/* Begin XCConfigurationList section */
		DA5872B128A7BC6C0013E093 /* Build configuration list for PBXProject "TestStaticServer" */ = {
			isa = XCConfigurationList;
			buildConfigurations = (
				DA5872BB28A7BC6C0013E093 /* Debug */,
				DA5872BC28A7BC6C0013E093 /* Release */,
			);
			defaultConfigurationIsVisible = 0;
			defaultConfigurationName = Release;
		};
		DA5872BD28A7BC6C0013E093 /* Build configuration list for PBXNativeTarget "TestStaticServer" */ = {
			isa = XCConfigurationList;
			buildConfigurations = (
				DA5872BE28A7BC6C0013E093 /* Debug */,
				DA5872BF28A7BC6C0013E093 /* Release */,
			);
			defaultConfigurationIsVisible = 0;
			defaultConfigurationName = Release;
		};
		DA5872CF28A7CC180013E093 /* Build configuration list for PBXNativeTarget "Downloader" */ = {
			isa = XCConfigurationList;
			buildConfigurations = (
				DA5872D028A7CC180013E093 /* Debug */,
				DA5872D128A7CC180013E093 /* Release */,
			);
			defaultConfigurationIsVisible = 0;
			defaultConfigurationName = Release;
		};
/* End XCConfigurationList section */

/* Begin XCRemoteSwiftPackageReference section */
		DA5872C228A7C5270013E093 /* XCRemoteSwiftPackageReference "vapor" */ = {
			isa = XCRemoteSwiftPackageReference;
			repositoryURL = "https://github.com/vapor/vapor.git";
			requirement = {
				branch = main;
				kind = branch;
			};
		};
/* End XCRemoteSwiftPackageReference section */

/* Begin XCSwiftPackageProductDependency section */
		DA5872C328A7C5270013E093 /* Vapor */ = {
			isa = XCSwiftPackageProductDependency;
			package = DA5872C228A7C5270013E093 /* XCRemoteSwiftPackageReference "vapor" */;
			productName = Vapor;
		};
/* End XCSwiftPackageProductDependency section */
	};
	rootObject = DA5872AE28A7BC6C0013E093 /* Project object */;
}
